
Microsoft Visual Studio Solution File, Format Version 12.00
# Visual Studio 2012
Project("{FAE04EC0-301F-11D3-BF4B-00C04F79EFBC}") = "Pyrrha", "Pyrrha\Pyrrha.csproj", "{B1E4EB83-8DED-4B94-99B5-0CCE6BDFE8F0}"
EndProject
Project("{FAE04EC0-301F-11D3-BF4B-00C04F79EFBC}") = "C_Sharp_Testing", "C_Sharp_Testing\C_Sharp_Testing.csproj", "{4EF674B9-28C9-4B8B-B2A7-D4D5223680C3}"
EndProject
Project("{FAE04EC0-301F-11D3-BF4B-00C04F79EFBC}") = "Pyrrha.Scripting", "Pyrrha.Scripting\Pyrrha.Scripting.csproj", "{AEFA4FF7-052D-40B9-8492-2C6DF7E515FF}"
EndProject
Project("{FAE04EC0-301F-11D3-BF4B-00C04F79EFBC}") = "PyrrhaExtenstion", "PyrrhaExtenstion\PyrrhaExtenstion.csproj", "{47653EE2-53BF-4A36-8903-7D1128BDF50C}"
EndProject
Global
	GlobalSection(SolutionConfigurationPlatforms) = preSolution
		Debug|Any CPU = Debug|Any CPU
		Release|Any CPU = Release|Any CPU
	EndGlobalSection
	GlobalSection(ProjectConfigurationPlatforms) = postSolution
		{B1E4EB83-8DED-4B94-99B5-0CCE6BDFE8F0}.Debug|Any CPU.ActiveCfg = Debug|Any CPU
		{B1E4EB83-8DED-4B94-99B5-0CCE6BDFE8F0}.Debug|Any CPU.Build.0 = Debug|Any CPU
		{B1E4EB83-8DED-4B94-99B5-0CCE6BDFE8F0}.Release|Any CPU.ActiveCfg = Release|Any CPU
		{B1E4EB83-8DED-4B94-99B5-0CCE6BDFE8F0}.Release|Any CPU.Build.0 = Release|Any CPU
		{4EF674B9-28C9-4B8B-B2A7-D4D5223680C3}.Debug|Any CPU.ActiveCfg = Debug|Any CPU
		{4EF674B9-28C9-4B8B-B2A7-D4D5223680C3}.Debug|Any CPU.Build.0 = Debug|Any CPU
		{4EF674B9-28C9-4B8B-B2A7-D4D5223680C3}.Release|Any CPU.ActiveCfg = Release|Any CPU
		{4EF674B9-28C9-4B8B-B2A7-D4D5223680C3}.Release|Any CPU.Build.0 = Release|Any CPU
		{AEFA4FF7-052D-40B9-8492-2C6DF7E515FF}.Debug|Any CPU.ActiveCfg = Debug|Any CPU
		{AEFA4FF7-052D-40B9-8492-2C6DF7E515FF}.Debug|Any CPU.Build.0 = Debug|Any CPU
		{AEFA4FF7-052D-40B9-8492-2C6DF7E515FF}.Release|Any CPU.ActiveCfg = Release|Any CPU
		{AEFA4FF7-052D-40B9-8492-2C6DF7E515FF}.Release|Any CPU.Build.0 = Release|Any CPU
		{47653EE2-53BF-4A36-8903-7D1128BDF50C}.Debug|Any CPU.ActiveCfg = Debug|Any CPU
		{47653EE2-53BF-4A36-8903-7D1128BDF50C}.Debug|Any CPU.Build.0 = Debug|Any CPU
		{47653EE2-53BF-4A36-8903-7D1128BDF50C}.Release|Any CPU.ActiveCfg = Release|Any CPU
		{47653EE2-53BF-4A36-8903-7D1128BDF50C}.Release|Any CPU.Build.0 = Release|Any CPU
	EndGlobalSection
	GlobalSection(SolutionProperties) = preSolution
		HideSolutionNode = FALSE
	EndGlobalSection
EndGlobal
