
Microsoft Visual Studio Solution File, Format Version 12.00
# Visual Studio 2012
Project("{FAE04EC0-301F-11D3-BF4B-00C04F79EFBC}") = "Pyrrha.Scripting", "Pyrrha.Scripting\Pyrrha.Scripting.csproj", "{AEFA4FF7-052D-40B9-8492-2C6DF7E515FF}"
EndProject
Project("{FAE04EC0-301F-11D3-BF4B-00C04F79EFBC}") = "Pyrrha", "Pyrrha\Pyrrha.csproj", "{0C1311D2-6FC4-46AD-B1EC-0C3357AE34F4}"
EndProject
Project("{FAE04EC0-301F-11D3-BF4B-00C04F79EFBC}") = "CSharp_Testing", "CSharp_Testing\CSharp_Testing.csproj", "{DCE79769-C007-415B-B806-0F27F23A8DAB}"
EndProject
Global
	GlobalSection(SolutionConfigurationPlatforms) = preSolution
		Debug|Any CPU = Debug|Any CPU
		Release|Any CPU = Release|Any CPU
	EndGlobalSection
	GlobalSection(ProjectConfigurationPlatforms) = postSolution
		{AEFA4FF7-052D-40B9-8492-2C6DF7E515FF}.Debug|Any CPU.ActiveCfg = Debug|Any CPU
		{AEFA4FF7-052D-40B9-8492-2C6DF7E515FF}.Debug|Any CPU.Build.0 = Debug|Any CPU
		{AEFA4FF7-052D-40B9-8492-2C6DF7E515FF}.Release|Any CPU.ActiveCfg = Release|Any CPU
		{AEFA4FF7-052D-40B9-8492-2C6DF7E515FF}.Release|Any CPU.Build.0 = Release|Any CPU
		{0C1311D2-6FC4-46AD-B1EC-0C3357AE34F4}.Debug|Any CPU.ActiveCfg = Debug|Any CPU
		{0C1311D2-6FC4-46AD-B1EC-0C3357AE34F4}.Debug|Any CPU.Build.0 = Debug|Any CPU
		{0C1311D2-6FC4-46AD-B1EC-0C3357AE34F4}.Release|Any CPU.ActiveCfg = Release|Any CPU
		{0C1311D2-6FC4-46AD-B1EC-0C3357AE34F4}.Release|Any CPU.Build.0 = Release|Any CPU
		{DCE79769-C007-415B-B806-0F27F23A8DAB}.Debug|Any CPU.ActiveCfg = Debug|Any CPU
		{DCE79769-C007-415B-B806-0F27F23A8DAB}.Debug|Any CPU.Build.0 = Debug|Any CPU
		{DCE79769-C007-415B-B806-0F27F23A8DAB}.Release|Any CPU.ActiveCfg = Release|Any CPU
		{DCE79769-C007-415B-B806-0F27F23A8DAB}.Release|Any CPU.Build.0 = Release|Any CPU
	EndGlobalSection
	GlobalSection(SolutionProperties) = preSolution
		HideSolutionNode = FALSE
	EndGlobalSection
EndGlobal
